PODS:
  - Flutter (1.0.0)
  - media_kit_libs_ios_video (1.1.5):
    - Flutter
  - media_kit_video (0.0.1):
    - Flutter
  - package_info_plus (0.4.5):
    - Flutter
  - wakelock_plus (0.0.1):
    - Flutter

DEPENDENCIES:
  - Flutter (from `Flutter`)
  - media_kit_libs_ios_video (from `.symlinks/plugins/media_kit_libs_ios_video/ios`)
  - media_kit_video (from `.symlinks/plugins/media_kit_video/ios`)
  - package_info_plus (from `.symlinks/plugins/package_info_plus/ios`)
  - wakelock_plus (from `.symlinks/plugins/wakelock_plus/ios`)

EXTERNAL SOURCES:
  Flutter:
    :path: Flutter
  media_kit_libs_ios_video:
    :path: ".symlinks/plugins/media_kit_libs_ios_video/ios"
  media_kit_video:
    :path: ".symlinks/plugins/media_kit_video/ios"
  package_info_plus:
    :path: ".symlinks/plugins/package_info_plus/ios"
  wakelock_plus:
    :path: ".symlinks/plugins/wakelock_plus/ios"

SPEC CHECKSUMS:
  Flutter: 71a624a5bc0c04062bf19101d501e466baf2fb47
  media_kit_libs_ios_video: 77108f4d47dcca61eb37a75892c5e9bd6a2e09ba
  media_kit_video: 5dd64db98fa04011be5bbc88d2a363c2c8719993
  package_info_plus: af8e2ca6888548050f16fa2f1938db7b5a5df499
  wakelock_plus: d4ca1e4e4bc9de42cb55d57b5bdc158af318e3c6

PODFILE CHECKSUM: 3ba3a73b1b12adcf321a227a745625fe0888cc82

COCOAPODS: 1.17.0
